PODS:
  - CIOAPIClient (0.9.1):
    - SSKeychain (~> 1)
    - TDOAuth (~> 1.1)
  - OMGHTTPURLRQ/UserAgent (3.0.0)
  - SSKeychain (1.2.3)
  - TDOAuth (1.1.0):
    - OMGHTTPURLRQ/UserAgent

DEPENDENCIES:
  - CIOAPIClient (from `..`)

EXTERNAL SOURCES:
  CIOAPIClient:
    :path: ..

SPEC CHECKSUMS:
  CIOAPIClient: ec20174c9e275e606862e0493441299807aeb8a7
  OMGHTTPURLRQ: 45cd892e5643206a5a359307621df7678625ebec
  SSKeychain: 3f42991739c6c60a9cf1bbd4dff6c0d3694bcf3d
  TDOAuth: efb25d45d5062b9cfb41c14c54f74c7b6c7a1abc

COCOAPODS: 0.38.2
