PODS:
  - CIOAPIClient (1.0):
    - SSKeychain (~> 1)
  - SSKeychain (1.2.3)

DEPENDENCIES:
  - CIOAPIClient (from `..`)

EXTERNAL SOURCES:
  CIOAPIClient:
    :path: ..

SPEC CHECKSUMS:
  CIOAPIClient: ef79574ee75578b166740544290877f23f53899c
  SSKeychain: 3f42991739c6c60a9cf1bbd4dff6c0d3694bcf3d

COCOAPODS: 0.38.2
