// !$*UTF8*$!
{
	archiveVersion = 1;
	classes = {
	};
	objectVersion = 46;
	objects = {

/* Begin PBXBuildFile section */
		22428833C975F87D74BEE5BA /* libPods.a in Frameworks */ = {isa = PBXBuildFile; fileRef = 3360B50093150130E5915AD1 /* libPods.a */; };
		EB3533EC16B742E200968488 /* bg-default.png in Resources */ = {isa = PBXBuildFile; fileRef = EB3533E016B742E200968488 /* bg-default.png */; };
		EB3533ED16B742E200968488 /* bg-default@2x.png in Resources */ = {isa = PBXBuildFile; fileRef = EB3533E116B742E200968488 /* bg-default@2x.png */; };
		EB3533EE16B742E200968488 /* button-provider-aol.png in Resources */ = {isa = PBXBuildFile; fileRef = EB3533E216B742E200968488 /* button-provider-aol.png */; };
		EB3533EF16B742E200968488 /* button-provider-aol@2x.png in Resources */ = {isa = PBXBuildFile; fileRef = EB3533E316B742E200968488 /* button-provider-aol@2x.png */; };
		EB3533F016B742E200968488 /* button-provider-bg.png in Resources */ = {isa = PBXBuildFile; fileRef = EB3533E416B742E200968488 /* button-provider-bg.png */; };
		EB3533F116B742E200968488 /* button-provider-bg@2x.png in Resources */ = {isa = PBXBuildFile; fileRef = EB3533E516B742E200968488 /* button-provider-bg@2x.png */; };
		EB3533F216B742E200968488 /* button-provider-gmail.png in Resources */ = {isa = PBXBuildFile; fileRef = EB3533E616B742E200968488 /* button-provider-gmail.png */; };
		EB3533F316B742E200968488 /* button-provider-gmail@2x.png in Resources */ = {isa = PBXBuildFile; fileRef = EB3533E716B742E200968488 /* button-provider-gmail@2x.png */; };
		EB3533F416B742E200968488 /* button-provider-yahoo.png in Resources */ = {isa = PBXBuildFile; fileRef = EB3533E816B742E200968488 /* button-provider-yahoo.png */; };
		EB3533F516B742E200968488 /* button-provider-yahoo@2x.png in Resources */ = {isa = PBXBuildFile; fileRef = EB3533E916B742E200968488 /* button-provider-yahoo@2x.png */; };
		EB3533F616B742E200968488 /* Icon.png in Resources */ = {isa = PBXBuildFile; fileRef = EB3533EA16B742E200968488 /* Icon.png */; };
		EB3533F716B742E200968488 /* Icon@2x.png in Resources */ = {isa = PBXBuildFile; fileRef = EB3533EB16B742E200968488 /* Icon@2x.png */; };
		EB974F2516B1FA9B00717730 /* MobileCoreServices.framework in Frameworks */ = {isa = PBXBuildFile; fileRef = EB974F2316B1FA9B00717730 /* MobileCoreServices.framework */; };
		EB974F2616B1FA9B00717730 /* SystemConfiguration.framework in Frameworks */ = {isa = PBXBuildFile; fileRef = EB974F2416B1FA9B00717730 /* SystemConfiguration.framework */; };
		EBB452DD16A5E9F500397319 /* UIKit.framework in Frameworks */ = {isa = PBXBuildFile; fileRef = EBB452DC16A5E9F500397319 /* UIKit.framework */; };
		EBB452DF16A5E9F500397319 /* Foundation.framework in Frameworks */ = {isa = PBXBuildFile; fileRef = EBB452DE16A5E9F500397319 /* Foundation.framework */; };
		EBB452E116A5E9F500397319 /* CoreGraphics.framework in Frameworks */ = {isa = PBXBuildFile; fileRef = EBB452E016A5E9F500397319 /* CoreGraphics.framework */; };
		EBB454A716A8ACEA00397319 /* Security.framework in Frameworks */ = {isa = PBXBuildFile; fileRef = EBB454A616A8ACEA00397319 /* Security.framework */; };
		EBB454DA16B1CB8E00397319 /* CIOAuthViewController.m in Sources */ = {isa = PBXBuildFile; fileRef = EBB454D216B1CB8E00397319 /* CIOAuthViewController.m */; };
		EBB454DB16B1CB8E00397319 /* CIOContactsViewController.m in Sources */ = {isa = PBXBuildFile; fileRef = EBB454D416B1CB8E00397319 /* CIOContactsViewController.m */; };
		EBB454DC16B1CB8E00397319 /* CIOMessagesViewController.m in Sources */ = {isa = PBXBuildFile; fileRef = EBB454D616B1CB8E00397319 /* CIOMessagesViewController.m */; };
		EBB454DD16B1CB8E00397319 /* CIOExampleAPIClient.m in Sources */ = {isa = PBXBuildFile; fileRef = EBB454D916B1CB8E00397319 /* CIOExampleAPIClient.m */; };
		EBB454E516B1CBB500397319 /* InfoPlist.strings in Resources */ = {isa = PBXBuildFile; fileRef = EBB454DE16B1CBB500397319 /* InfoPlist.strings */; };
		EBB454E716B1CBB500397319 /* main.m in Sources */ = {isa = PBXBuildFile; fileRef = EBB454E116B1CBB500397319 /* main.m */; };
		EBB454E816B1CBB500397319 /* Default-568h@2x.png in Resources */ = {isa = PBXBuildFile; fileRef = EBB454E216B1CBB500397319 /* Default-568h@2x.png */; };
		EBB454E916B1CBB500397319 /* Default.png in Resources */ = {isa = PBXBuildFile; fileRef = EBB454E316B1CBB500397319 /* Default.png */; };
		EBB454EA16B1CBB500397319 /* Default@2x.png in Resources */ = {isa = PBXBuildFile; fileRef = EBB454E416B1CBB500397319 /* Default@2x.png */; };
		EBB454ED16B1CBD900397319 /* CIOAppDelegate.m in Sources */ = {isa = PBXBuildFile; fileRef = EBB454EB16B1CBD900397319 /* CIOAppDelegate.m */; };
/* End PBXBuildFile section */

/* Begin PBXFileReference section */
		3360B50093150130E5915AD1 /* libPods.a */ = {isa = PBXFileReference; explicitFileType = archive.ar; includeInIndex = 0; path = libPods.a; sourceTree = BUILT_PRODUCTS_DIR; };
		D19C1A32F7894D8AE055F5CC /* Pods.debug.xcconfig */ = {isa = PBXFileReference; includeInIndex = 1; lastKnownFileType = text.xcconfig; name = Pods.debug.xcconfig; path = "Pods/Target Support Files/Pods/Pods.debug.xcconfig"; sourceTree = "<group>"; };
		E1CAAE7C1299E341F2D14484 /* Pods.release.xcconfig */ = {isa = PBXFileReference; includeInIndex = 1; lastKnownFileType = text.xcconfig; name = Pods.release.xcconfig; path = "Pods/Target Support Files/Pods/Pods.release.xcconfig"; sourceTree = "<group>"; };
		EB3533E016B742E200968488 /* bg-default.png */ = {isa = PBXFileReference; lastKnownFileType = image.png; name = "bg-default.png"; path = "Images/bg-default.png"; sourceTree = "<group>"; };
		EB3533E116B742E200968488 /* bg-default@2x.png */ = {isa = PBXFileReference; lastKnownFileType = image.png; name = "bg-default@2x.png"; path = "Images/bg-default@2x.png"; sourceTree = "<group>"; };
		EB3533E216B742E200968488 /* button-provider-aol.png */ = {isa = PBXFileReference; lastKnownFileType = image.png; name = "button-provider-aol.png"; path = "Images/button-provider-aol.png"; sourceTree = "<group>"; };
		EB3533E316B742E200968488 /* button-provider-aol@2x.png */ = {isa = PBXFileReference; lastKnownFileType = image.png; name = "button-provider-aol@2x.png"; path = "Images/button-provider-aol@2x.png"; sourceTree = "<group>"; };
		EB3533E416B742E200968488 /* button-provider-bg.png */ = {isa = PBXFileReference; lastKnownFileType = image.png; name = "button-provider-bg.png"; path = "Images/button-provider-bg.png"; sourceTree = "<group>"; };
		EB3533E516B742E200968488 /* button-provider-bg@2x.png */ = {isa = PBXFileReference; lastKnownFileType = image.png; name = "button-provider-bg@2x.png"; path = "Images/button-provider-bg@2x.png"; sourceTree = "<group>"; };
		EB3533E616B742E200968488 /* button-provider-gmail.png */ = {isa = PBXFileReference; lastKnownFileType = image.png; name = "button-provider-gmail.png"; path = "Images/button-provider-gmail.png"; sourceTree = "<group>"; };
		EB3533E716B742E200968488 /* button-provider-gmail@2x.png */ = {isa = PBXFileReference; lastKnownFileType = image.png; name = "button-provider-gmail@2x.png"; path = "Images/button-provider-gmail@2x.png"; sourceTree = "<group>"; };
		EB3533E816B742E200968488 /* button-provider-yahoo.png */ = {isa = PBXFileReference; lastKnownFileType = image.png; name = "button-provider-yahoo.png"; path = "Images/button-provider-yahoo.png"; sourceTree = "<group>"; };
		EB3533E916B742E200968488 /* button-provider-yahoo@2x.png */ = {isa = PBXFileReference; lastKnownFileType = image.png; name = "button-provider-yahoo@2x.png"; path = "Images/button-provider-yahoo@2x.png"; sourceTree = "<group>"; };
		EB3533EA16B742E200968488 /* Icon.png */ = {isa = PBXFileReference; lastKnownFileType = image.png; name = Icon.png; path = Images/Icon.png; sourceTree = "<group>"; };
		EB3533EB16B742E200968488 /* Icon@2x.png */ = {isa = PBXFileReference; lastKnownFileType = image.png; name = "Icon@2x.png"; path = "Images/Icon@2x.png"; sourceTree = "<group>"; };
		EB974F2316B1FA9B00717730 /* MobileCoreServices.framework */ = {isa = PBXFileReference; lastKnownFileType = wrapper.framework; name = MobileCoreServices.framework; path = System/Library/Frameworks/MobileCoreServices.framework; sourceTree = SDKROOT; };
		EB974F2416B1FA9B00717730 /* SystemConfiguration.framework */ = {isa = PBXFileReference; lastKnownFileType = wrapper.framework; name = SystemConfiguration.framework; path = System/Library/Frameworks/SystemConfiguration.framework; sourceTree = SDKROOT; };
		EBB452D816A5E9F500397319 /* Context.IO iOS Example App.app */ = {isa = PBXFileReference; explicitFileType = wrapper.application; includeInIndex = 0; path = "Context.IO iOS Example App.app"; sourceTree = BUILT_PRODUCTS_DIR; };
		EBB452DC16A5E9F500397319 /* UIKit.framework */ = {isa = PBXFileReference; lastKnownFileType = wrapper.framework; name = UIKit.framework; path = System/Library/Frameworks/UIKit.framework; sourceTree = SDKROOT; };
		EBB452DE16A5E9F500397319 /* Foundation.framework */ = {isa = PBXFileReference; lastKnownFileType = wrapper.framework; name = Foundation.framework; path = System/Library/Frameworks/Foundation.framework; sourceTree = SDKROOT; };
		EBB452E016A5E9F500397319 /* CoreGraphics.framework */ = {isa = PBXFileReference; lastKnownFileType = wrapper.framework; name = CoreGraphics.framework; path = System/Library/Frameworks/CoreGraphics.framework; sourceTree = SDKROOT; };
		EBB452FA16A5E9F600397319 /* SenTestingKit.framework */ = {isa = PBXFileReference; lastKnownFileType = wrapper.framework; name = SenTestingKit.framework; path = Library/Frameworks/SenTestingKit.framework; sourceTree = DEVELOPER_DIR; };
		EBB454A616A8ACEA00397319 /* Security.framework */ = {isa = PBXFileReference; lastKnownFileType = wrapper.framework; name = Security.framework; path = System/Library/Frameworks/Security.framework; sourceTree = SDKROOT; };
		EBB454D116B1CB8E00397319 /* CIOAuthViewController.h */ = {isa = PBXFileReference; fileEncoding = 4; lastKnownFileType = sourcecode.c.h; path = CIOAuthViewController.h; sourceTree = "<group>"; };
		EBB454D216B1CB8E00397319 /* CIOAuthViewController.m */ = {isa = PBXFileReference; fileEncoding = 4; lastKnownFileType = sourcecode.c.objc; path = CIOAuthViewController.m; sourceTree = "<group>"; };
		EBB454D316B1CB8E00397319 /* CIOContactsViewController.h */ = {isa = PBXFileReference; fileEncoding = 4; lastKnownFileType = sourcecode.c.h; path = CIOContactsViewController.h; sourceTree = "<group>"; };
		EBB454D416B1CB8E00397319 /* CIOContactsViewController.m */ = {isa = PBXFileReference; fileEncoding = 4; lastKnownFileType = sourcecode.c.objc; path = CIOContactsViewController.m; sourceTree = "<group>"; };
		EBB454D516B1CB8E00397319 /* CIOMessagesViewController.h */ = {isa = PBXFileReference; fileEncoding = 4; lastKnownFileType = sourcecode.c.h; path = CIOMessagesViewController.h; sourceTree = "<group>"; };
		EBB454D616B1CB8E00397319 /* CIOMessagesViewController.m */ = {isa = PBXFileReference; fileEncoding = 4; lastKnownFileType = sourcecode.c.objc; path = CIOMessagesViewController.m; sourceTree = "<group>"; };
		EBB454D816B1CB8E00397319 /* CIOExampleAPIClient.h */ = {isa = PBXFileReference; fileEncoding = 4; lastKnownFileType = sourcecode.c.h; path = CIOExampleAPIClient.h; sourceTree = "<group>"; };
		EBB454D916B1CB8E00397319 /* CIOExampleAPIClient.m */ = {isa = PBXFileReference; fileEncoding = 4; lastKnownFileType = sourcecode.c.objc; path = CIOExampleAPIClient.m; sourceTree = "<group>"; };
		EBB454DE16B1CBB500397319 /* InfoPlist.strings */ = {isa = PBXFileReference; fileEncoding = 4; lastKnownFileType = text.plist.strings; path = InfoPlist.strings; sourceTree = SOURCE_ROOT; };
		EBB454DF16B1CBB500397319 /* Context.IO iOS Example App-Info.plist */ = {isa = PBXFileReference; fileEncoding = 4; lastKnownFileType = text.plist.xml; path = "Context.IO iOS Example App-Info.plist"; sourceTree = SOURCE_ROOT; };
		EBB454E016B1CBB500397319 /* Context.IO iOS Example App-Prefix.pch */ = {isa = PBXFileReference; fileEncoding = 4; lastKnownFileType = sourcecode.c.h; path = "Context.IO iOS Example App-Prefix.pch"; sourceTree = SOURCE_ROOT; };
		EBB454E116B1CBB500397319 /* main.m */ = {isa = PBXFileReference; fileEncoding = 4; lastKnownFileType = sourcecode.c.objc; path = main.m; sourceTree = SOURCE_ROOT; };
		EBB454E216B1CBB500397319 /* Default-568h@2x.png */ = {isa = PBXFileReference; lastKnownFileType = image.png; path = "Default-568h@2x.png"; sourceTree = SOURCE_ROOT; };
		EBB454E316B1CBB500397319 /* Default.png */ = {isa = PBXFileReference; lastKnownFileType = image.png; path = Default.png; sourceTree = SOURCE_ROOT; };
		EBB454E416B1CBB500397319 /* Default@2x.png */ = {isa = PBXFileReference; lastKnownFileType = image.png; path = "Default@2x.png"; sourceTree = SOURCE_ROOT; };
		EBB454EB16B1CBD900397319 /* CIOAppDelegate.m */ = {isa = PBXFileReference; fileEncoding = 4; lastKnownFileType = sourcecode.c.objc; path = CIOAppDelegate.m; sourceTree = "<group>"; };
		EBB454EC16B1CBD900397319 /* CIOAppDelegate.h */ = {isa = PBXFileReference; fileEncoding = 4; lastKnownFileType = sourcecode.c.h; path = CIOAppDelegate.h; sourceTree = "<group>"; };
		FA2E564A1B4AFC7A00AEF151 /* libcontextio-ios.a */ = {isa = PBXFileReference; lastKnownFileType = archive.ar; name = "libcontextio-ios.a"; path = "../build/Debug-iphoneos/libcontextio-ios.a"; sourceTree = "<group>"; };
/* End PBXFileReference section */

/* Begin PBXFrameworksBuildPhase section */
		EBB452D516A5E9F500397319 /* Frameworks */ = {
			isa = PBXFrameworksBuildPhase;
			buildActionMask = 2147483647;
			files = (
				EB974F2516B1FA9B00717730 /* MobileCoreServices.framework in Frameworks */,
				EB974F2616B1FA9B00717730 /* SystemConfiguration.framework in Frameworks */,
				EBB454A716A8ACEA00397319 /* Security.framework in Frameworks */,
				EBB452DD16A5E9F500397319 /* UIKit.framework in Frameworks */,
				EBB452DF16A5E9F500397319 /* Foundation.framework in Frameworks */,
				EBB452E116A5E9F500397319 /* CoreGraphics.framework in Frameworks */,
				22428833C975F87D74BEE5BA /* libPods.a in Frameworks */,
			);
			runOnlyForDeploymentPostprocessing = 0;
		};
/* End PBXFrameworksBuildPhase section */

/* Begin PBXGroup section */
		62AF15E1149BA9DFBC6BC2AD /* Pods */ = {
			isa = PBXGroup;
			children = (
				D19C1A32F7894D8AE055F5CC /* Pods.debug.xcconfig */,
				E1CAAE7C1299E341F2D14484 /* Pods.release.xcconfig */,
			);
			name = Pods;
			sourceTree = "<group>";
		};
		EB3533DE16B742D500968488 /* Images */ = {
			isa = PBXGroup;
			children = (
				EB3533E016B742E200968488 /* bg-default.png */,
				EB3533E116B742E200968488 /* bg-default@2x.png */,
				EB3533E216B742E200968488 /* button-provider-aol.png */,
				EB3533E316B742E200968488 /* button-provider-aol@2x.png */,
				EB3533E416B742E200968488 /* button-provider-bg.png */,
				EB3533E516B742E200968488 /* button-provider-bg@2x.png */,
				EB3533E616B742E200968488 /* button-provider-gmail.png */,
				EB3533E716B742E200968488 /* button-provider-gmail@2x.png */,
				EB3533E816B742E200968488 /* button-provider-yahoo.png */,
				EB3533E916B742E200968488 /* button-provider-yahoo@2x.png */,
				EB3533EA16B742E200968488 /* Icon.png */,
				EB3533EB16B742E200968488 /* Icon@2x.png */,
			);
			name = Images;
			sourceTree = "<group>";
		};
		EB974EAA16B1EC9700717730 /* Resources */ = {
			isa = PBXGroup;
			children = (
				EB3533DE16B742D500968488 /* Images */,
			);
			path = Resources;
			sourceTree = "<group>";
		};
		EBB452CD16A5E9F500397319 = {
			isa = PBXGroup;
			children = (
				EBB454CF16B1CB8E00397319 /* Classes */,
				EB974EAA16B1EC9700717730 /* Resources */,
				EBB452E316A5E9F500397319 /* Supporting Files */,
				EBB452DB16A5E9F500397319 /* Frameworks */,
				EBB452D916A5E9F500397319 /* Products */,
				62AF15E1149BA9DFBC6BC2AD /* Pods */,
			);
			sourceTree = "<group>";
		};
		EBB452D916A5E9F500397319 /* Products */ = {
			isa = PBXGroup;
			children = (
				EBB452D816A5E9F500397319 /* Context.IO iOS Example App.app */,
			);
			name = Products;
			sourceTree = "<group>";
		};
		EBB452DB16A5E9F500397319 /* Frameworks */ = {
			isa = PBXGroup;
			children = (
				FA2E564A1B4AFC7A00AEF151 /* libcontextio-ios.a */,
				EBB452E016A5E9F500397319 /* CoreGraphics.framework */,
				EBB452DE16A5E9F500397319 /* Foundation.framework */,
				EB974F2316B1FA9B00717730 /* MobileCoreServices.framework */,
				EBB454A616A8ACEA00397319 /* Security.framework */,
				EBB452FA16A5E9F600397319 /* SenTestingKit.framework */,
				EB974F2416B1FA9B00717730 /* SystemConfiguration.framework */,
				EBB452DC16A5E9F500397319 /* UIKit.framework */,
				3360B50093150130E5915AD1 /* libPods.a */,
			);
			name = Frameworks;
			sourceTree = "<group>";
		};
		EBB452E316A5E9F500397319 /* Supporting Files */ = {
			isa = PBXGroup;
			children = (
				EBB454DE16B1CBB500397319 /* InfoPlist.strings */,
				EBB454DF16B1CBB500397319 /* Context.IO iOS Example App-Info.plist */,
				EBB454E016B1CBB500397319 /* Context.IO iOS Example App-Prefix.pch */,
				EBB454E116B1CBB500397319 /* main.m */,
				EBB454E216B1CBB500397319 /* Default-568h@2x.png */,
				EBB454E316B1CBB500397319 /* Default.png */,
				EBB454E416B1CBB500397319 /* Default@2x.png */,
			);
			name = "Supporting Files";
			path = "Context.IO iOS Example App";
			sourceTree = "<group>";
		};
		EBB454CF16B1CB8E00397319 /* Classes */ = {
			isa = PBXGroup;
			children = (
				EBB454D016B1CB8E00397319 /* Controllers */,
				EBB454D716B1CB8E00397319 /* Other Sources */,
			);
			path = Classes;
			sourceTree = "<group>";
		};
		EBB454D016B1CB8E00397319 /* Controllers */ = {
			isa = PBXGroup;
			children = (
				EBB454D116B1CB8E00397319 /* CIOAuthViewController.h */,
				EBB454D216B1CB8E00397319 /* CIOAuthViewController.m */,
				EBB454D316B1CB8E00397319 /* CIOContactsViewController.h */,
				EBB454D416B1CB8E00397319 /* CIOContactsViewController.m */,
				EBB454D516B1CB8E00397319 /* CIOMessagesViewController.h */,
				EBB454D616B1CB8E00397319 /* CIOMessagesViewController.m */,
			);
			path = Controllers;
			sourceTree = "<group>";
		};
		EBB454D716B1CB8E00397319 /* Other Sources */ = {
			isa = PBXGroup;
			children = (
				EBB454EC16B1CBD900397319 /* CIOAppDelegate.h */,
				EBB454EB16B1CBD900397319 /* CIOAppDelegate.m */,
				EBB454D816B1CB8E00397319 /* CIOExampleAPIClient.h */,
				EBB454D916B1CB8E00397319 /* CIOExampleAPIClient.m */,
			);
			path = "Other Sources";
			sourceTree = "<group>";
		};
/* End PBXGroup section */

/* Begin PBXNativeTarget section */
		EBB452D716A5E9F500397319 /* Context.IO iOS Example App */ = {
			isa = PBXNativeTarget;
			buildConfigurationList = EBB4530B16A5E9F600397319 /* Build configuration list for PBXNativeTarget "Context.IO iOS Example App" */;
			buildPhases = (
				F4A560859AE1D9923DBF7684 /* Check Pods Manifest.lock */,
				EBB452D416A5E9F500397319 /* Sources */,
				EBB452D516A5E9F500397319 /* Frameworks */,
				EBB452D616A5E9F500397319 /* Resources */,
				84C852EE50A949D507C1FACF /* Copy Pods Resources */,
			);
			buildRules = (
			);
			dependencies = (
			);
			name = "Context.IO iOS Example App";
			productName = "Context.IO iOS Example App";
			productReference = EBB452D816A5E9F500397319 /* Context.IO iOS Example App.app */;
			productType = "com.apple.product-type.application";
		};
/* End PBXNativeTarget section */

/* Begin PBXProject section */
		EBB452CF16A5E9F500397319 /* Project object */ = {
			isa = PBXProject;
			attributes = {
				CLASSPREFIX = CIO;
				LastUpgradeCheck = 0450;
				ORGANIZATIONNAME = Context.IO;
			};
			buildConfigurationList = EBB452D216A5E9F500397319 /* Build configuration list for PBXProject "Context.IO iOS Example App" */;
			compatibilityVersion = "Xcode 3.2";
			developmentRegion = English;
			hasScannedForEncodings = 0;
			knownRegions = (
				en,
			);
			mainGroup = EBB452CD16A5E9F500397319;
			productRefGroup = EBB452D916A5E9F500397319 /* Products */;
			projectDirPath = "";
			projectRoot = "";
			targets = (
				EBB452D716A5E9F500397319 /* Context.IO iOS Example App */,
			);
		};
/* End PBXProject section */

/* Begin PBXResourcesBuildPhase section */
		EBB452D616A5E9F500397319 /* Resources */ = {
			isa = PBXResourcesBuildPhase;
			buildActionMask = 2147483647;
			files = (
				EBB454E516B1CBB500397319 /* InfoPlist.strings in Resources */,
				EBB454E816B1CBB500397319 /* Default-568h@2x.png in Resources */,
				EBB454E916B1CBB500397319 /* Default.png in Resources */,
				EBB454EA16B1CBB500397319 /* Default@2x.png in Resources */,
				EB3533EC16B742E200968488 /* bg-default.png in Resources */,
				EB3533ED16B742E200968488 /* bg-default@2x.png in Resources */,
				EB3533EE16B742E200968488 /* button-provider-aol.png in Resources */,
				EB3533EF16B742E200968488 /* button-provider-aol@2x.png in Resources */,
				EB3533F016B742E200968488 /* button-provider-bg.png in Resources */,
				EB3533F116B742E200968488 /* button-provider-bg@2x.png in Resources */,
				EB3533F216B742E200968488 /* button-provider-gmail.png in Resources */,
				EB3533F316B742E200968488 /* button-provider-gmail@2x.png in Resources */,
				EB3533F416B742E200968488 /* button-provider-yahoo.png in Resources */,
				EB3533F516B742E200968488 /* button-provider-yahoo@2x.png in Resources */,
				EB3533F616B742E200968488 /* Icon.png in Resources */,
				EB3533F716B742E200968488 /* Icon@2x.png in Resources */,
			);
			runOnlyForDeploymentPostprocessing = 0;
		};
/* End PBXResourcesBuildPhase section */

/* Begin PBXShellScriptBuildPhase section */
		84C852EE50A949D507C1FACF /* Copy Pods Resources */ = {
			isa = PBXShellScriptBuildPhase;
			buildActionMask = 2147483647;
			files = (
			);
			inputPaths = (
			);
			name = "Copy Pods Resources";
			outputPaths = (
			);
			runOnlyForDeploymentPostprocessing = 0;
			shellPath = /bin/sh;
			shellScript = "\"${SRCROOT}/Pods/Target Support Files/Pods/Pods-resources.sh\"\n";
			showEnvVarsInLog = 0;
		};
		F4A560859AE1D9923DBF7684 /* Check Pods Manifest.lock */ = {
			isa = PBXShellScriptBuildPhase;
			buildActionMask = 2147483647;
			files = (
			);
			inputPaths = (
			);
			name = "Check Pods Manifest.lock";
			outputPaths = (
			);
			runOnlyForDeploymentPostprocessing = 0;
			shellPath = /bin/sh;
			shellScript = "diff \"${PODS_ROOT}/../Podfile.lock\" \"${PODS_ROOT}/Manifest.lock\" > /dev/null\nif [[ $? != 0 ]] ; then\n    cat << EOM\nerror: The sandbox is not in sync with the Podfile.lock. Run 'pod install' or update your CocoaPods installation.\nEOM\n    exit 1\nfi\n";
			showEnvVarsInLog = 0;
		};
/* End PBXShellScriptBuildPhase section */

/* Begin PBXSourcesBuildPhase section */
		EBB452D416A5E9F500397319 /* Sources */ = {
			isa = PBXSourcesBuildPhase;
			buildActionMask = 2147483647;
			files = (
				EBB454DA16B1CB8E00397319 /* CIOAuthViewController.m in Sources */,
				EBB454DB16B1CB8E00397319 /* CIOContactsViewController.m in Sources */,
				EBB454DC16B1CB8E00397319 /* CIOMessagesViewController.m in Sources */,
				EBB454DD16B1CB8E00397319 /* CIOExampleAPIClient.m in Sources */,
				EBB454E716B1CBB500397319 /* main.m in Sources */,
				EBB454ED16B1CBD900397319 /* CIOAppDelegate.m in Sources */,
			);
			runOnlyForDeploymentPostprocessing = 0;
		};
/* End PBXSourcesBuildPhase section */

/* Begin XCBuildConfiguration section */
		EBB4530916A5E9F600397319 /* Debug */ = {
			isa = XCBuildConfiguration;
			buildSettings = {
				ALWAYS_SEARCH_USER_PATHS = NO;
				CLANG_CXX_LANGUAGE_STANDARD = "gnu++0x";
				CLANG_CXX_LIBRARY = "libc++";
				CLANG_ENABLE_OBJC_ARC = YES;
				CLANG_WARN_EMPTY_BODY = YES;
				CLANG_WARN__DUPLICATE_METHOD_MATCH = YES;
				"CODE_SIGN_IDENTITY[sdk=iphoneos*]" = "iPhone Developer";
				COPY_PHASE_STRIP = NO;
				GCC_C_LANGUAGE_STANDARD = gnu99;
				GCC_DYNAMIC_NO_PIC = NO;
				GCC_OPTIMIZATION_LEVEL = 0;
				GCC_PREPROCESSOR_DEFINITIONS = (
					"DEBUG=1",
					"$(inherited)",
				);
				GCC_SYMBOLS_PRIVATE_EXTERN = NO;
				GCC_WARN_ABOUT_RETURN_TYPE = YES;
				GCC_WARN_UNINITIALIZED_AUTOS = YES;
				GCC_WARN_UNUSED_VARIABLE = YES;
				IPHONEOS_DEPLOYMENT_TARGET = 5.0;
				ONLY_ACTIVE_ARCH = YES;
				SDKROOT = iphoneos;
				TARGETED_DEVICE_FAMILY = "1,2";
			};
			name = Debug;
		};
		EBB4530A16A5E9F600397319 /* Release */ = {
			isa = XCBuildConfiguration;
			buildSettings = {
				ALWAYS_SEARCH_USER_PATHS = NO;
				CLANG_CXX_LANGUAGE_STANDARD = "gnu++0x";
				CLANG_CXX_LIBRARY = "libc++";
				CLANG_ENABLE_OBJC_ARC = YES;
				CLANG_WARN_EMPTY_BODY = YES;
				CLANG_WARN__DUPLICATE_METHOD_MATCH = YES;
				"CODE_SIGN_IDENTITY[sdk=iphoneos*]" = "iPhone Developer";
				COPY_PHASE_STRIP = YES;
				GCC_C_LANGUAGE_STANDARD = gnu99;
				GCC_WARN_ABOUT_RETURN_TYPE = YES;
				GCC_WARN_UNINITIALIZED_AUTOS = YES;
				GCC_WARN_UNUSED_VARIABLE = YES;
				IPHONEOS_DEPLOYMENT_TARGET = 5.0;
				OTHER_CFLAGS = "-DNS_BLOCK_ASSERTIONS=1";
				SDKROOT = iphoneos;
				TARGETED_DEVICE_FAMILY = "1,2";
				VALIDATE_PRODUCT = YES;
			};
			name = Release;
		};
		EBB4530C16A5E9F600397319 /* Debug */ = {
			isa = XCBuildConfiguration;
			baseConfigurationReference = D19C1A32F7894D8AE055F5CC /* Pods.debug.xcconfig */;
			buildSettings = {
				GCC_PRECOMPILE_PREFIX_HEADER = YES;
				GCC_PREFIX_HEADER = "Context.IO iOS Example App-Prefix.pch";
				INFOPLIST_FILE = "$(SRCROOT)/Context.IO iOS Example App-Info.plist";
				IPHONEOS_DEPLOYMENT_TARGET = 7.1;
				PRODUCT_NAME = "$(TARGET_NAME)";
				WRAPPER_EXTENSION = app;
			};
			name = Debug;
		};
		EBB4530D16A5E9F600397319 /* Release */ = {
			isa = XCBuildConfiguration;
			baseConfigurationReference = E1CAAE7C1299E341F2D14484 /* Pods.release.xcconfig */;
			buildSettings = {
				GCC_PRECOMPILE_PREFIX_HEADER = YES;
				GCC_PREFIX_HEADER = "Context.IO iOS Example App-Prefix.pch";
				INFOPLIST_FILE = "$(SRCROOT)/Context.IO iOS Example App-Info.plist";
				IPHONEOS_DEPLOYMENT_TARGET = 7.1;
				PRODUCT_NAME = "$(TARGET_NAME)";
				WRAPPER_EXTENSION = app;
			};
			name = Release;
		};
/* End XCBuildConfiguration section */

/* Begin XCConfigurationList section */
		EBB452D216A5E9F500397319 /* Build configuration list for PBXProject "Context.IO iOS Example App" */ = {
			isa = XCConfigurationList;
			buildConfigurations = (
				EBB4530916A5E9F600397319 /* Debug */,
				EBB4530A16A5E9F600397319 /* Release */,
			);
			defaultConfigurationIsVisible = 0;
			defaultConfigurationName = Release;
		};
		EBB4530B16A5E9F600397319 /* Build configuration list for PBXNativeTarget "Context.IO iOS Example App" */ = {
			isa = XCConfigurationList;
			buildConfigurations = (
				EBB4530C16A5E9F600397319 /* Debug */,
				EBB4530D16A5E9F600397319 /* Release */,
			);
			defaultConfigurationIsVisible = 0;
			defaultConfigurationName = Release;
		};
/* End XCConfigurationList section */
	};
	rootObject = EBB452CF16A5E9F500397319 /* Project object */;
}
